
Microsoft Visual Studio Solution File, Format Version 12.00
# Visual Studio Version 17
VisualStudioVersion = 17.9.34728.123
MinimumVisualStudioVersion = 10.0.40219.1
Project("{FAE04EC0-301F-11D3-BF4B-00C04F79EFBC}") = "StoreBackendQL", "StoreBackendQL.csproj", "{A126ABDA-7E85-4459-A5E6-0945903B1E39}"
EndProject
Global
	GlobalSection(SolutionConfigurationPlatforms) = preSolution
		Debug|Any CPU = Debug|Any CPU
		Release|Any CPU = Release|Any CPU
	EndGlobalSection
	GlobalSection(ProjectConfigurationPlatforms) = postSolution
		{A126ABDA-7E85-4459-A5E6-0945903B1E39}.Debug|Any CPU.ActiveCfg = Debug|Any CPU
		{A126ABDA-7E85-4459-A5E6-0945903B1E39}.Debug|Any CPU.Build.0 = Debug|Any CPU
		{A126ABDA-7E85-4459-A5E6-0945903B1E39}.Release|Any CPU.ActiveCfg = Release|Any CPU
		{A126ABDA-7E85-4459-A5E6-0945903B1E39}.Release|Any CPU.Build.0 = Release|Any CPU
	EndGlobalSection
	GlobalSection(SolutionProperties) = preSolution
		HideSolutionNode = FALSE
	EndGlobalSection
	GlobalSection(ExtensibilityGlobals) = postSolution
		SolutionGuid = {5CE63DA3-178A-4C7E-A61D-54DEC658DAEC}
	EndGlobalSection
EndGlobal
